
Microsoft Visual Studio Solution File, Format Version 12.00
# Visual Studio Version 17
VisualStudioVersion = 17.5.33502.453
MinimumVisualStudioVersion = 10.0.40219.1
Project("{9A19103F-16F7-4668-BE54-9A1E7A4F7556}") = "GenshinSwitch.WindowsService", "GenshinSwitch.WindowsService.csproj", "{B2C2CE92-64CC-48FE-9FFF-7FCB16BA0E90}"
EndProject
Global
	GlobalSection(SolutionConfigurationPlatforms) = preSolution
		Debug|Any CPU = Debug|Any CPU
		Release|Any CPU = Release|Any CPU
	EndGlobalSection
	GlobalSection(ProjectConfigurationPlatforms) = postSolution
		{B2C2CE92-64CC-48FE-9FFF-7FCB16BA0E90}.Debug|Any CPU.ActiveCfg = Debug|Any CPU
		{B2C2CE92-64CC-48FE-9FFF-7FCB16BA0E90}.Debug|Any CPU.Build.0 = Debug|Any CPU
		{B2C2CE92-64CC-48FE-9FFF-7FCB16BA0E90}.Release|Any CPU.ActiveCfg = Release|Any CPU
		{B2C2CE92-64CC-48FE-9FFF-7FCB16BA0E90}.Release|Any CPU.Build.0 = Release|Any CPU
	EndGlobalSection
	GlobalSection(SolutionProperties) = preSolution
		HideSolutionNode = FALSE
	EndGlobalSection
	GlobalSection(ExtensibilityGlobals) = postSolution
		SolutionGuid = {694665B5-2E44-4F9C-BEBC-3E747B4974BA}
	EndGlobalSection
EndGlobal
