
Microsoft Visual Studio Solution File, Format Version 12.00
# Visual Studio Version 17
VisualStudioVersion = 17.0.32014.148
MinimumVisualStudioVersion = 10.0.40219.1
Project("{9A19103F-16F7-4668-BE54-9A1E7A4F7556}") = "GenshinSwitch", "GenshinSwitch.csproj", "{CBFC9E48-590C-422D-8B8E-04AC979ABC63}"
EndProject
Global
	GlobalSection(SolutionConfigurationPlatforms) = preSolution
		Debug|Any CPU = Debug|Any CPU
		Debug|x64 = Debug|x64
		Release|Any CPU = Release|Any CPU
		Release|x64 = Release|x64
	EndGlobalSection
	GlobalSection(ProjectConfigurationPlatforms) = postSolution
		{CBFC9E48-590C-422D-8B8E-04AC979ABC63}.Debug|Any CPU.ActiveCfg = Debug|Any CPU
		{CBFC9E48-590C-422D-8B8E-04AC979ABC63}.Debug|Any CPU.Build.0 = Debug|Any CPU
		{CBFC9E48-590C-422D-8B8E-04AC979ABC63}.Debug|x64.ActiveCfg = Debug|x64
		{CBFC9E48-590C-422D-8B8E-04AC979ABC63}.Debug|x64.Build.0 = Debug|x64
		{CBFC9E48-590C-422D-8B8E-04AC979ABC63}.Release|Any CPU.ActiveCfg = Release|Any CPU
		{CBFC9E48-590C-422D-8B8E-04AC979ABC63}.Release|Any CPU.Build.0 = Release|Any CPU
		{CBFC9E48-590C-422D-8B8E-04AC979ABC63}.Release|x64.ActiveCfg = Release|x64
		{CBFC9E48-590C-422D-8B8E-04AC979ABC63}.Release|x64.Build.0 = Release|x64
	EndGlobalSection
	GlobalSection(SolutionProperties) = preSolution
		HideSolutionNode = FALSE
	EndGlobalSection
	GlobalSection(ExtensibilityGlobals) = postSolution
		SolutionGuid = {8007C77C-CC06-444C-BBEA-C9AE6AFFE460}
	EndGlobalSection
EndGlobal
